
Microsoft Visual Studio Solution File, Format Version 12.00
# Visual Studio Version 16
VisualStudioVersion = 16.0.30320.27
MinimumVisualStudioVersion = 10.0.40219.1
Project("{FAE04EC0-301F-11D3-BF4B-00C04F79EFBC}") = "Eszter_2020.07.30", "Eszter_2020.07.30\Eszter_2020.07.30.csproj", "{D7B203B9-ED92-4CE2-93BD-7BF28E893A6C}"
EndProject
Global
	GlobalSection(SolutionConfigurationPlatforms) = preSolution
		Debug|Any CPU = Debug|Any CPU
		Release|Any CPU = Release|Any CPU
	EndGlobalSection
	GlobalSection(ProjectConfigurationPlatforms) = postSolution
		{D7B203B9-ED92-4CE2-93BD-7BF28E893A6C}.Debug|Any CPU.ActiveCfg = Debug|Any CPU
		{D7B203B9-ED92-4CE2-93BD-7BF28E893A6C}.Debug|Any CPU.Build.0 = Debug|Any CPU
		{D7B203B9-ED92-4CE2-93BD-7BF28E893A6C}.Release|Any CPU.ActiveCfg = Release|Any CPU
		{D7B203B9-ED92-4CE2-93BD-7BF28E893A6C}.Release|Any CPU.Build.0 = Release|Any CPU
	EndGlobalSection
	GlobalSection(SolutionProperties) = preSolution
		HideSolutionNode = FALSE
	EndGlobalSection
	GlobalSection(ExtensibilityGlobals) = postSolution
		SolutionGuid = {62174FF3-EB30-4154-BDC2-3EBC4E6079FE}
	EndGlobalSection
EndGlobal
